// !$*UTF8*$!
{
	archiveVersion = 1;
	classes = {
	};
	objectVersion = 50;
	objects = {

/* Begin PBXBuildFile section */
		478AC4CA24872754007CE108 /* connectServer.cpp in Sources */ = {isa = PBXBuildFile; fileRef = 478AC4C824872754007CE108 /* connectServer.cpp */; };
		478AC4CD24882343007CE108 /* gameStarter.cpp in Sources */ = {isa = PBXBuildFile; fileRef = 478AC4CB24882343007CE108 /* gameStarter.cpp */; };
		478AC4D0248EDE8F007CE108 /* button.cpp in Sources */ = {isa = PBXBuildFile; fileRef = 478AC4CE248EDE8F007CE108 /* button.cpp */; };
		47A318F424831ADA0055FF1D /* libsfml-system.2.5.1.dylib in Frameworks */ = {isa = PBXBuildFile; fileRef = 47A318EF24831ADA0055FF1D /* libsfml-system.2.5.1.dylib */; };
		47A318F524831ADA0055FF1D /* libsfml-audio.2.5.1.dylib in Frameworks */ = {isa = PBXBuildFile; fileRef = 47A318F024831ADA0055FF1D /* libsfml-audio.2.5.1.dylib */; };
		47A318F624831ADA0055FF1D /* libsfml-network.2.5.1.dylib in Frameworks */ = {isa = PBXBuildFile; fileRef = 47A318F124831ADA0055FF1D /* libsfml-network.2.5.1.dylib */; };
		47A318F724831ADA0055FF1D /* libsfml-graphics.2.5.1.dylib in Frameworks */ = {isa = PBXBuildFile; fileRef = 47A318F224831ADA0055FF1D /* libsfml-graphics.2.5.1.dylib */; };
		47A318F824831ADA0055FF1D /* libsfml-window.2.5.1.dylib in Frameworks */ = {isa = PBXBuildFile; fileRef = 47A318F324831ADA0055FF1D /* libsfml-window.2.5.1.dylib */; };
		47D774B1247DB5C500A5B4F2 /* main.cpp in Sources */ = {isa = PBXBuildFile; fileRef = 47D774B0247DB5C500A5B4F2 /* main.cpp */; };
		47D774C9247DCFAE00A5B4F2 /* boardManager.cpp in Sources */ = {isa = PBXBuildFile; fileRef = 47D774C7247DCFAE00A5B4F2 /* boardManager.cpp */; };
		47D774CC247DD08000A5B4F2 /* resourceTile.cpp in Sources */ = {isa = PBXBuildFile; fileRef = 47D774CA247DD08000A5B4F2 /* resourceTile.cpp */; };
		47D774CF247DD0C600A5B4F2 /* roadway.cpp in Sources */ = {isa = PBXBuildFile; fileRef = 47D774CD247DD0C600A5B4F2 /* roadway.cpp */; };
		47D774D2247DD0FB00A5B4F2 /* settlementArea.cpp in Sources */ = {isa = PBXBuildFile; fileRef = 47D774D0247DD0FB00A5B4F2 /* settlementArea.cpp */; };
		47D774D5247DD20E00A5B4F2 /* player.cpp in Sources */ = {isa = PBXBuildFile; fileRef = 47D774D3247DD20E00A5B4F2 /* player.cpp */; };
		47D774D8247DDBFB00A5B4F2 /* resource.cpp in Sources */ = {isa = PBXBuildFile; fileRef = 47D774D6247DDBFB00A5B4F2 /* resource.cpp */; };
		47D774DB247DE90C00A5B4F2 /* settlement.cpp in Sources */ = {isa = PBXBuildFile; fileRef = 47D774D9247DE90C00A5B4F2 /* settlement.cpp */; };
/* End PBXBuildFile section */

/* Begin PBXCopyFilesBuildPhase section */
		47D774AB247DB5C500A5B4F2 /* CopyFiles */ = {
			isa = PBXCopyFilesBuildPhase;
			buildActionMask = 2147483647;
			dstPath = /usr/share/man/man1/;
			dstSubfolderSpec = 0;
			files = (
			);
			runOnlyForDeploymentPostprocessing = 1;
		};
/* End PBXCopyFilesBuildPhase section */

/* Begin PBXFileReference section */
		478AC4C824872754007CE108 /* connectServer.cpp */ = {isa = PBXFileReference; lastKnownFileType = sourcecode.cpp.cpp; path = connectServer.cpp; sourceTree = "<group>"; };
		478AC4C924872754007CE108 /* connectServer.hpp */ = {isa = PBXFileReference; lastKnownFileType = sourcecode.cpp.h; path = connectServer.hpp; sourceTree = "<group>"; };
		478AC4CB24882343007CE108 /* gameStarter.cpp */ = {isa = PBXFileReference; lastKnownFileType = sourcecode.cpp.cpp; path = gameStarter.cpp; sourceTree = "<group>"; };
		478AC4CC24882343007CE108 /* gameStarter.hpp */ = {isa = PBXFileReference; lastKnownFileType = sourcecode.cpp.h; path = gameStarter.hpp; sourceTree = "<group>"; };
		478AC4CE248EDE8F007CE108 /* button.cpp */ = {isa = PBXFileReference; lastKnownFileType = sourcecode.cpp.cpp; path = button.cpp; sourceTree = "<group>"; };
		478AC4CF248EDE8F007CE108 /* button.hpp */ = {isa = PBXFileReference; lastKnownFileType = sourcecode.cpp.h; path = button.hpp; sourceTree = "<group>"; };
		47A318EF24831ADA0055FF1D /* libsfml-system.2.5.1.dylib */ = {isa = PBXFileReference; lastKnownFileType = "compiled.mach-o.dylib"; name = "libsfml-system.2.5.1.dylib"; path = "External Libraries/SFML/lib/libsfml-system.2.5.1.dylib"; sourceTree = "<group>"; };
		47A318F024831ADA0055FF1D /* libsfml-audio.2.5.1.dylib */ = {isa = PBXFileReference; lastKnownFileType = "compiled.mach-o.dylib"; name = "libsfml-audio.2.5.1.dylib"; path = "External Libraries/SFML/lib/libsfml-audio.2.5.1.dylib"; sourceTree = "<group>"; };
		47A318F124831ADA0055FF1D /* libsfml-network.2.5.1.dylib */ = {isa = PBXFileReference; lastKnownFileType = "compiled.mach-o.dylib"; name = "libsfml-network.2.5.1.dylib"; path = "External Libraries/SFML/lib/libsfml-network.2.5.1.dylib"; sourceTree = "<group>"; };
		47A318F224831ADA0055FF1D /* libsfml-graphics.2.5.1.dylib */ = {isa = PBXFileReference; lastKnownFileType = "compiled.mach-o.dylib"; name = "libsfml-graphics.2.5.1.dylib"; path = "External Libraries/SFML/lib/libsfml-graphics.2.5.1.dylib"; sourceTree = "<group>"; };
		47A318F324831ADA0055FF1D /* libsfml-window.2.5.1.dylib */ = {isa = PBXFileReference; lastKnownFileType = "compiled.mach-o.dylib"; name = "libsfml-window.2.5.1.dylib"; path = "External Libraries/SFML/lib/libsfml-window.2.5.1.dylib"; sourceTree = "<group>"; };
		47A318F924831BD20055FF1D /* img */ = {isa = PBXFileReference; lastKnownFileType = folder; name = img; path = Game/res/img; sourceTree = "<group>"; };
		47D774AD247DB5C500A5B4F2 /* Game */ = {isa = PBXFileReference; explicitFileType = "compiled.mach-o.executable"; includeInIndex = 0; path = Game; sourceTree = BUILT_PRODUCTS_DIR; };
		47D774B0247DB5C500A5B4F2 /* main.cpp */ = {isa = PBXFileReference; lastKnownFileType = sourcecode.cpp.cpp; path = main.cpp; sourceTree = "<group>"; };
		47D774B8247DB83A00A5B4F2 /* libsfml-network.2.5.1.dylib */ = {isa = PBXFileReference; lastKnownFileType = "compiled.mach-o.dylib"; name = "libsfml-network.2.5.1.dylib"; path = "../External Libraries/SFML/lib/libsfml-network.2.5.1.dylib"; sourceTree = "<group>"; };
		47D774B9247DB83A00A5B4F2 /* libsfml-graphics.2.5.1.dylib */ = {isa = PBXFileReference; lastKnownFileType = "compiled.mach-o.dylib"; name = "libsfml-graphics.2.5.1.dylib"; path = "../External Libraries/SFML/lib/libsfml-graphics.2.5.1.dylib"; sourceTree = "<group>"; };
		47D774BA247DB83A00A5B4F2 /* libsfml-window.2.5.1.dylib */ = {isa = PBXFileReference; lastKnownFileType = "compiled.mach-o.dylib"; name = "libsfml-window.2.5.1.dylib"; path = "../External Libraries/SFML/lib/libsfml-window.2.5.1.dylib"; sourceTree = "<group>"; };
		47D774BB247DB83A00A5B4F2 /* libsfml-audio.2.5.1.dylib */ = {isa = PBXFileReference; lastKnownFileType = "compiled.mach-o.dylib"; name = "libsfml-audio.2.5.1.dylib"; path = "../External Libraries/SFML/lib/libsfml-audio.2.5.1.dylib"; sourceTree = "<group>"; };
		47D774BC247DB83A00A5B4F2 /* libsfml-system.2.5.1.dylib */ = {isa = PBXFileReference; lastKnownFileType = "compiled.mach-o.dylib"; name = "libsfml-system.2.5.1.dylib"; path = "../External Libraries/SFML/lib/libsfml-system.2.5.1.dylib"; sourceTree = "<group>"; };
		47D774C7247DCFAE00A5B4F2 /* boardManager.cpp */ = {isa = PBXFileReference; lastKnownFileType = sourcecode.cpp.cpp; path = boardManager.cpp; sourceTree = "<group>"; };
		47D774C8247DCFAE00A5B4F2 /* boardManager.hpp */ = {isa = PBXFileReference; lastKnownFileType = sourcecode.cpp.h; path = boardManager.hpp; sourceTree = "<group>"; };
		47D774CA247DD08000A5B4F2 /* resourceTile.cpp */ = {isa = PBXFileReference; lastKnownFileType = sourcecode.cpp.cpp; path = resourceTile.cpp; sourceTree = "<group>"; };
		47D774CB247DD08000A5B4F2 /* resourceTile.hpp */ = {isa = PBXFileReference; lastKnownFileType = sourcecode.cpp.h; path = resourceTile.hpp; sourceTree = "<group>"; };
		47D774CD247DD0C600A5B4F2 /* roadway.cpp */ = {isa = PBXFileReference; lastKnownFileType = sourcecode.cpp.cpp; path = roadway.cpp; sourceTree = "<group>"; };
		47D774CE247DD0C600A5B4F2 /* roadway.hpp */ = {isa = PBXFileReference; lastKnownFileType = sourcecode.cpp.h; path = roadway.hpp; sourceTree = "<group>"; };
		47D774D0247DD0FB00A5B4F2 /* settlementArea.cpp */ = {isa = PBXFileReference; lastKnownFileType = sourcecode.cpp.cpp; path = settlementArea.cpp; sourceTree = "<group>"; };
		47D774D1247DD0FB00A5B4F2 /* settlementArea.hpp */ = {isa = PBXFileReference; lastKnownFileType = sourcecode.cpp.h; path = settlementArea.hpp; sourceTree = "<group>"; };
		47D774D3247DD20E00A5B4F2 /* player.cpp */ = {isa = PBXFileReference; lastKnownFileType = sourcecode.cpp.cpp; path = player.cpp; sourceTree = "<group>"; };
		47D774D4247DD20E00A5B4F2 /* player.hpp */ = {isa = PBXFileReference; lastKnownFileType = sourcecode.cpp.h; path = player.hpp; sourceTree = "<group>"; };
		47D774D6247DDBFB00A5B4F2 /* resource.cpp */ = {isa = PBXFileReference; lastKnownFileType = sourcecode.cpp.cpp; path = resource.cpp; sourceTree = "<group>"; };
		47D774D7247DDBFB00A5B4F2 /* resource.hpp */ = {isa = PBXFileReference; lastKnownFileType = sourcecode.cpp.h; path = resource.hpp; sourceTree = "<group>"; };
		47D774D9247DE90C00A5B4F2 /* settlement.cpp */ = {isa = PBXFileReference; lastKnownFileType = sourcecode.cpp.cpp; path = settlement.cpp; sourceTree = "<group>"; };
		47D774DA247DE90C00A5B4F2 /* settlement.hpp */ = {isa = PBXFileReference; lastKnownFileType = sourcecode.cpp.h; path = settlement.hpp; sourceTree = "<group>"; };
/* End PBXFileReference section */

/* Begin PBXFrameworksBuildPhase section */
		47D774AA247DB5C500A5B4F2 /* Frameworks */ = {
			isa = PBXFrameworksBuildPhase;
			buildActionMask = 2147483647;
			files = (
				47A318F424831ADA0055FF1D /* libsfml-system.2.5.1.dylib in Frameworks */,
				47A318F524831ADA0055FF1D /* libsfml-audio.2.5.1.dylib in Frameworks */,
				47A318F624831ADA0055FF1D /* libsfml-network.2.5.1.dylib in Frameworks */,
				47A318F724831ADA0055FF1D /* libsfml-graphics.2.5.1.dylib in Frameworks */,
				47A318F824831ADA0055FF1D /* libsfml-window.2.5.1.dylib in Frameworks */,
			);
			runOnlyForDeploymentPostprocessing = 0;
		};
/* End PBXFrameworksBuildPhase section */

/* Begin PBXGroup section */
		47D774A4247DB5C500A5B4F2 = {
			isa = PBXGroup;
			children = (
				47D774AF247DB5C500A5B4F2 /* Game */,
				47D774AE247DB5C500A5B4F2 /* Products */,
				47D774B7247DB83A00A5B4F2 /* Frameworks */,
			);
			sourceTree = "<group>";
		};
		47D774AE247DB5C500A5B4F2 /* Products */ = {
			isa = PBXGroup;
			children = (
				47D774AD247DB5C500A5B4F2 /* Game */,
			);
			name = Products;
			sourceTree = "<group>";
		};
		47D774AF247DB5C500A5B4F2 /* Game */ = {
			isa = PBXGroup;
			children = (
				47D774B0247DB5C500A5B4F2 /* main.cpp */,
				47D774D3247DD20E00A5B4F2 /* player.cpp */,
				47D774D4247DD20E00A5B4F2 /* player.hpp */,
				47D774C7247DCFAE00A5B4F2 /* boardManager.cpp */,
				47D774C8247DCFAE00A5B4F2 /* boardManager.hpp */,
				47D774CA247DD08000A5B4F2 /* resourceTile.cpp */,
				47D774CB247DD08000A5B4F2 /* resourceTile.hpp */,
				47D774CD247DD0C600A5B4F2 /* roadway.cpp */,
				47D774CE247DD0C600A5B4F2 /* roadway.hpp */,
				47D774D0247DD0FB00A5B4F2 /* settlementArea.cpp */,
				47D774D1247DD0FB00A5B4F2 /* settlementArea.hpp */,
				47D774D6247DDBFB00A5B4F2 /* resource.cpp */,
				47D774D7247DDBFB00A5B4F2 /* resource.hpp */,
				47D774D9247DE90C00A5B4F2 /* settlement.cpp */,
				47D774DA247DE90C00A5B4F2 /* settlement.hpp */,
				478AC4C824872754007CE108 /* connectServer.cpp */,
				478AC4C924872754007CE108 /* connectServer.hpp */,
				478AC4CB24882343007CE108 /* gameStarter.cpp */,
				478AC4CC24882343007CE108 /* gameStarter.hpp */,
				478AC4CE248EDE8F007CE108 /* button.cpp */,
				478AC4CF248EDE8F007CE108 /* button.hpp */,
			);
			path = Game;
			sourceTree = "<group>";
		};
		47D774B7247DB83A00A5B4F2 /* Frameworks */ = {
			isa = PBXGroup;
			children = (
				47A318F924831BD20055FF1D /* img */,
				47A318F024831ADA0055FF1D /* libsfml-audio.2.5.1.dylib */,
				47A318F224831ADA0055FF1D /* libsfml-graphics.2.5.1.dylib */,
				47A318F124831ADA0055FF1D /* libsfml-network.2.5.1.dylib */,
				47A318EF24831ADA0055FF1D /* libsfml-system.2.5.1.dylib */,
				47A318F324831ADA0055FF1D /* libsfml-window.2.5.1.dylib */,
				47D774BB247DB83A00A5B4F2 /* libsfml-audio.2.5.1.dylib */,
				47D774B9247DB83A00A5B4F2 /* libsfml-graphics.2.5.1.dylib */,
				47D774B8247DB83A00A5B4F2 /* libsfml-network.2.5.1.dylib */,
				47D774BC247DB83A00A5B4F2 /* libsfml-system.2.5.1.dylib */,
				47D774BA247DB83A00A5B4F2 /* libsfml-window.2.5.1.dylib */,
			);
			name = Frameworks;
			sourceTree = "<group>";
		};
/* End PBXGroup section */

/* Begin PBXNativeTarget section */
		47D774AC247DB5C500A5B4F2 /* Game */ = {
			isa = PBXNativeTarget;
			buildConfigurationList = 47D774B4247DB5C500A5B4F2 /* Build configuration list for PBXNativeTarget "Game" */;
			buildPhases = (
				47D774A9247DB5C500A5B4F2 /* Sources */,
				47D774AA247DB5C500A5B4F2 /* Frameworks */,
				47D774AB247DB5C500A5B4F2 /* CopyFiles */,
			);
			buildRules = (
			);
			dependencies = (
			);
			name = Game;
			productName = Game;
			productReference = 47D774AD247DB5C500A5B4F2 /* Game */;
			productType = "com.apple.product-type.tool";
		};
/* End PBXNativeTarget section */

/* Begin PBXProject section */
		47D774A5247DB5C500A5B4F2 /* Project object */ = {
			isa = PBXProject;
			attributes = {
				LastUpgradeCheck = 1150;
				ORGANIZATIONNAME = wvelliott;
				TargetAttributes = {
					47D774AC247DB5C500A5B4F2 = {
						CreatedOnToolsVersion = 11.5;
					};
				};
			};
			buildConfigurationList = 47D774A8247DB5C500A5B4F2 /* Build configuration list for PBXProject "Game" */;
			compatibilityVersion = "Xcode 9.3";
			developmentRegion = en;
			hasScannedForEncodings = 0;
			knownRegions = (
				en,
				Base,
			);
			mainGroup = 47D774A4247DB5C500A5B4F2;
			productRefGroup = 47D774AE247DB5C500A5B4F2 /* Products */;
			projectDirPath = "";
			projectRoot = "";
			targets = (
				47D774AC247DB5C500A5B4F2 /* Game */,
			);
		};
/* End PBXProject section */

/* Begin PBXSourcesBuildPhase section */
		47D774A9247DB5C500A5B4F2 /* Sources */ = {
			isa = PBXSourcesBuildPhase;
			buildActionMask = 2147483647;
			files = (
				47D774C9247DCFAE00A5B4F2 /* boardManager.cpp in Sources */,
				478AC4CA24872754007CE108 /* connectServer.cpp in Sources */,
				47D774D8247DDBFB00A5B4F2 /* resource.cpp in Sources */,
				478AC4D0248EDE8F007CE108 /* button.cpp in Sources */,
				47D774CC247DD08000A5B4F2 /* resourceTile.cpp in Sources */,
				47D774D5247DD20E00A5B4F2 /* player.cpp in Sources */,
				47D774DB247DE90C00A5B4F2 /* settlement.cpp in Sources */,
				47D774B1247DB5C500A5B4F2 /* main.cpp in Sources */,
				47D774D2247DD0FB00A5B4F2 /* settlementArea.cpp in Sources */,
				478AC4CD24882343007CE108 /* gameStarter.cpp in Sources */,
				47D774CF247DD0C600A5B4F2 /* roadway.cpp in Sources */,
			);
			runOnlyForDeploymentPostprocessing = 0;
		};
/* End PBXSourcesBuildPhase section */

/* Begin XCBuildConfiguration section */
		47D774B2247DB5C500A5B4F2 /* Debug */ = {
			isa = XCBuildConfiguration;
			buildSettings = {
				ALWAYS_SEARCH_USER_PATHS = NO;
				CLANG_ANALYZER_NONNULL = YES;
				CLANG_ANALYZER_NUMBER_OBJECT_CONVERSION = YES_AGGRESSIVE;
				CLANG_CXX_LANGUAGE_STANDARD = "gnu++14";
				CLANG_CXX_LIBRARY = "libc++";
				CLANG_ENABLE_MODULES = YES;
				CLANG_ENABLE_OBJC_ARC = YES;
				CLANG_ENABLE_OBJC_WEAK = YES;
				CLANG_WARN_BLOCK_CAPTURE_AUTORELEASING = YES;
				CLANG_WARN_BOOL_CONVERSION = YES;
				CLANG_WARN_COMMA = YES;
				CLANG_WARN_CONSTANT_CONVERSION = YES;
				CLANG_WARN_DEPRECATED_OBJC_IMPLEMENTATIONS = YES;
				CLANG_WARN_DIRECT_OBJC_ISA_USAGE = YES_ERROR;
				CLANG_WARN_DOCUMENTATION_COMMENTS = YES;
				CLANG_WARN_EMPTY_BODY = YES;
				CLANG_WARN_ENUM_CONVERSION = YES;
				CLANG_WARN_INFINITE_RECURSION = YES;
				CLANG_WARN_INT_CONVERSION = YES;
				CLANG_WARN_NON_LITERAL_NULL_CONVERSION = YES;
				CLANG_WARN_OBJC_IMPLICIT_RETAIN_SELF = YES;
				CLANG_WARN_OBJC_LITERAL_CONVERSION = YES;
				CLANG_WARN_OBJC_ROOT_CLASS = YES_ERROR;
				CLANG_WARN_RANGE_LOOP_ANALYSIS = YES;
				CLANG_WARN_STRICT_PROTOTYPES = YES;
				CLANG_WARN_SUSPICIOUS_MOVE = YES;
				CLANG_WARN_UNGUARDED_AVAILABILITY = YES_AGGRESSIVE;
				CLANG_WARN_UNREACHABLE_CODE = YES;
				CLANG_WARN__DUPLICATE_METHOD_MATCH = YES;
				COPY_PHASE_STRIP = NO;
				DEBUG_INFORMATION_FORMAT = dwarf;
				ENABLE_STRICT_OBJC_MSGSEND = YES;
				ENABLE_TESTABILITY = YES;
				GCC_C_LANGUAGE_STANDARD = gnu11;
				GCC_DYNAMIC_NO_PIC = NO;
				GCC_NO_COMMON_BLOCKS = YES;
				GCC_OPTIMIZATION_LEVEL = 0;
				GCC_PREPROCESSOR_DEFINITIONS = (
					"DEBUG=1",
					"$(inherited)",
				);
				GCC_WARN_64_TO_32_BIT_CONVERSION = YES;
				GCC_WARN_ABOUT_RETURN_TYPE = YES_ERROR;
				GCC_WARN_UNDECLARED_SELECTOR = YES;
				GCC_WARN_UNINITIALIZED_AUTOS = YES_AGGRESSIVE;
				GCC_WARN_UNUSED_FUNCTION = YES;
				GCC_WARN_UNUSED_VARIABLE = YES;
				"HEADER_SEARCH_PATHS[arch=*]" = "\"${SRCROOT}/External Libraries/SFML/include\"";
				"LIBRARY_SEARCH_PATHS[arch=*]" = "\"${SRCROOT}/External Libraries/SFML/lib\"";
				MACOSX_DEPLOYMENT_TARGET = 10.15;
				MTL_ENABLE_DEBUG_INFO = INCLUDE_SOURCE;
				MTL_FAST_MATH = YES;
				ONLY_ACTIVE_ARCH = YES;
				SDKROOT = macosx;
			};
			name = Debug;
		};
		47D774B3247DB5C500A5B4F2 /* Release */ = {
			isa = XCBuildConfiguration;
			buildSettings = {
				ALWAYS_SEARCH_USER_PATHS = NO;
				CLANG_ANALYZER_NONNULL = YES;
				CLANG_ANALYZER_NUMBER_OBJECT_CONVERSION = YES_AGGRESSIVE;
				CLANG_CXX_LANGUAGE_STANDARD = "gnu++14";
				CLANG_CXX_LIBRARY = "libc++";
				CLANG_ENABLE_MODULES = YES;
				CLANG_ENABLE_OBJC_ARC = YES;
				CLANG_ENABLE_OBJC_WEAK = YES;
				CLANG_WARN_BLOCK_CAPTURE_AUTORELEASING = YES;
				CLANG_WARN_BOOL_CONVERSION = YES;
				CLANG_WARN_COMMA = YES;
				CLANG_WARN_CONSTANT_CONVERSION = YES;
				CLANG_WARN_DEPRECATED_OBJC_IMPLEMENTATIONS = YES;
				CLANG_WARN_DIRECT_OBJC_ISA_USAGE = YES_ERROR;
				CLANG_WARN_DOCUMENTATION_COMMENTS = YES;
				CLANG_WARN_EMPTY_BODY = YES;
				CLANG_WARN_ENUM_CONVERSION = YES;
				CLANG_WARN_INFINITE_RECURSION = YES;
				CLANG_WARN_INT_CONVERSION = YES;
				CLANG_WARN_NON_LITERAL_NULL_CONVERSION = YES;
				CLANG_WARN_OBJC_IMPLICIT_RETAIN_SELF = YES;
				CLANG_WARN_OBJC_LITERAL_CONVERSION = YES;
				CLANG_WARN_OBJC_ROOT_CLASS = YES_ERROR;
				CLANG_WARN_RANGE_LOOP_ANALYSIS = YES;
				CLANG_WARN_STRICT_PROTOTYPES = YES;
				CLANG_WARN_SUSPICIOUS_MOVE = YES;
				CLANG_WARN_UNGUARDED_AVAILABILITY = YES_AGGRESSIVE;
				CLANG_WARN_UNREACHABLE_CODE = YES;
				CLANG_WARN__DUPLICATE_METHOD_MATCH = YES;
				COPY_PHASE_STRIP = NO;
				DEBUG_INFORMATION_FORMAT = "dwarf-with-dsym";
				ENABLE_NS_ASSERTIONS = NO;
				ENABLE_STRICT_OBJC_MSGSEND = YES;
				GCC_C_LANGUAGE_STANDARD = gnu11;
				GCC_NO_COMMON_BLOCKS = YES;
				GCC_WARN_64_TO_32_BIT_CONVERSION = YES;
				GCC_WARN_ABOUT_RETURN_TYPE = YES_ERROR;
				GCC_WARN_UNDECLARED_SELECTOR = YES;
				GCC_WARN_UNINITIALIZED_AUTOS = YES_AGGRESSIVE;
				GCC_WARN_UNUSED_FUNCTION = YES;
				GCC_WARN_UNUSED_VARIABLE = YES;
				"HEADER_SEARCH_PATHS[arch=*]" = "\"${SRCROOT}/External Libraries/SFML/include\"";
				"LIBRARY_SEARCH_PATHS[arch=*]" = "\"${SRCROOT}/External Libraries/SFML/lib\"";
				MACOSX_DEPLOYMENT_TARGET = 10.15;
				MTL_ENABLE_DEBUG_INFO = NO;
				MTL_FAST_MATH = YES;
				SDKROOT = macosx;
			};
			name = Release;
		};
		47D774B5247DB5C500A5B4F2 /* Debug */ = {
			isa = XCBuildConfiguration;
			buildSettings = {
				CODE_SIGN_STYLE = Automatic;
				"HEADER_SEARCH_PATHS[arch=*]" = "\"${SRCROOT}/External Libraries/SFML/include\"";
				LIBRARY_SEARCH_PATHS = (
					"$(inherited)",
					"$(PROJECT_DIR)/External\\ Libraries/SFML/lib",
					"$(PROJECT_DIR)/External\\ Libraries/SFML/lib",
					"$(PROJECT_DIR)/External\\ Libraries/SFML/lib",
					"$(PROJECT_DIR)/External\\ Libraries/SFML/lib",
					"$(PROJECT_DIR)/External\\ Libraries/SFML/lib",
				);
				"LIBRARY_SEARCH_PATHS[arch=*]" = (
					"$(inherited)",
					"$(PROJECT_DIR)/External\\ Libraries/SFML/lib",
					"$(PROJECT_DIR)/External\\ Libraries/SFML/lib",
					"$(PROJECT_DIR)/External\\ Libraries/SFML/lib",
					"$(PROJECT_DIR)/External\\ Libraries/SFML/lib",
					"$(PROJECT_DIR)/External\\ Libraries/SFML/lib",
				);
				PRODUCT_NAME = "$(TARGET_NAME)";
			};
			name = Debug;
		};
		47D774B6247DB5C500A5B4F2 /* Release */ = {
			isa = XCBuildConfiguration;
			buildSettings = {
				CODE_SIGN_STYLE = Automatic;
				"HEADER_SEARCH_PATHS[arch=*]" = "\"${SRCROOT}/External Libraries/SFML/include\"";
				LIBRARY_SEARCH_PATHS = (
					"$(inherited)",
					"$(PROJECT_DIR)/External\\ Libraries/SFML/lib",
					"$(PROJECT_DIR)/External\\ Libraries/SFML/lib",
					"$(PROJECT_DIR)/External\\ Libraries/SFML/lib",
					"$(PROJECT_DIR)/External\\ Libraries/SFML/lib",
					"$(PROJECT_DIR)/External\\ Libraries/SFML/lib",
				);
				"LIBRARY_SEARCH_PATHS[arch=*]" = "\"${SRCROOT}/External Libraries/SFML/lib\"";
				PRODUCT_NAME = "$(TARGET_NAME)";
			};
			name = Release;
		};
/* End XCBuildConfiguration section */

/* Begin XCConfigurationList section */
		47D774A8247DB5C500A5B4F2 /* Build configuration list for PBXProject "Game" */ = {
			isa = XCConfigurationList;
			buildConfigurations = (
				47D774B2247DB5C500A5B4F2 /* Debug */,
				47D774B3247DB5C500A5B4F2 /* Release */,
			);
			defaultConfigurationIsVisible = 0;
			defaultConfigurationName = Release;
		};
		47D774B4247DB5C500A5B4F2 /* Build configuration list for PBXNativeTarget "Game" */ = {
			isa = XCConfigurationList;
			buildConfigurations = (
				47D774B5247DB5C500A5B4F2 /* Debug */,
				47D774B6247DB5C500A5B4F2 /* Release */,
			);
			defaultConfigurationIsVisible = 0;
			defaultConfigurationName = Release;
		};
/* End XCConfigurationList section */
	};
	rootObject = 47D774A5247DB5C500A5B4F2 /* Project object */;
}
